
Microsoft Visual Studio Solution File, Format Version 12.00
# Visual Studio Version 17
VisualStudioVersion = 17.4.33213.308
MinimumVisualStudioVersion = 10.0.40219.1
Project("{FAE04EC0-301F-11D3-BF4B-00C04F79EFBC}") = "FarmFeedingAppV2", "FarmFeedingApp\FarmFeedingAppV2.csproj", "{EB4A8B30-A30C-4D05-B878-1B7975C275AB}"
EndProject
Global
	GlobalSection(SolutionConfigurationPlatforms) = preSolution
		Debug|Any CPU = Debug|Any CPU
		Release|Any CPU = Release|Any CPU
	EndGlobalSection
	GlobalSection(ProjectConfigurationPlatforms) = postSolution
		{EB4A8B30-A30C-4D05-B878-1B7975C275AB}.Debug|Any CPU.ActiveCfg = Debug|Any CPU
		{EB4A8B30-A30C-4D05-B878-1B7975C275AB}.Debug|Any CPU.Build.0 = Debug|Any CPU
		{EB4A8B30-A30C-4D05-B878-1B7975C275AB}.Release|Any CPU.ActiveCfg = Release|Any CPU
		{EB4A8B30-A30C-4D05-B878-1B7975C275AB}.Release|Any CPU.Build.0 = Release|Any CPU
	EndGlobalSection
	GlobalSection(SolutionProperties) = preSolution
		HideSolutionNode = FALSE
	EndGlobalSection
	GlobalSection(ExtensibilityGlobals) = postSolution
		SolutionGuid = {697573E3-6CB7-4E1C-BDE9-1A9DCEE1195E}
	EndGlobalSection
EndGlobal
